
Microsoft Visual Studio Solution File, Format Version 12.00
# Visual Studio Version 16
VisualStudioVersion = 16.0.29509.3
MinimumVisualStudioVersion = 10.0.40219.1
Project("{9A19103F-16F7-4668-BE54-9A1E7A4F7556}") = "DumbedDownCron", "DumbedDownCron\DumbedDownCron.csproj", "{3023011E-C31A-446F-AE73-C2F2A246770F}"
EndProject
Project("{9A19103F-16F7-4668-BE54-9A1E7A4F7556}") = "SimpleCron", "SimpleCron\SimpleCron.csproj", "{FFBAC74C-0C09-4481-BF2E-ED373082D08B}"
EndProject
Global
	GlobalSection(SolutionConfigurationPlatforms) = preSolution
		Debug|Any CPU = Debug|Any CPU
		Release|Any CPU = Release|Any CPU
	EndGlobalSection
	GlobalSection(ProjectConfigurationPlatforms) = postSolution
		{3023011E-C31A-446F-AE73-C2F2A246770F}.Debug|Any CPU.ActiveCfg = Debug|Any CPU
		{3023011E-C31A-446F-AE73-C2F2A246770F}.Debug|Any CPU.Build.0 = Debug|Any CPU
		{3023011E-C31A-446F-AE73-C2F2A246770F}.Release|Any CPU.ActiveCfg = Release|Any CPU
		{3023011E-C31A-446F-AE73-C2F2A246770F}.Release|Any CPU.Build.0 = Release|Any CPU
		{FFBAC74C-0C09-4481-BF2E-ED373082D08B}.Debug|Any CPU.ActiveCfg = Debug|Any CPU
		{FFBAC74C-0C09-4481-BF2E-ED373082D08B}.Debug|Any CPU.Build.0 = Debug|Any CPU
		{FFBAC74C-0C09-4481-BF2E-ED373082D08B}.Release|Any CPU.ActiveCfg = Release|Any CPU
		{FFBAC74C-0C09-4481-BF2E-ED373082D08B}.Release|Any CPU.Build.0 = Release|Any CPU
	EndGlobalSection
	GlobalSection(SolutionProperties) = preSolution
		HideSolutionNode = FALSE
	EndGlobalSection
	GlobalSection(ExtensibilityGlobals) = postSolution
		SolutionGuid = {8E09C6DD-5629-41C5-B6B5-BDCFE0C897CC}
	EndGlobalSection
EndGlobal
