
Microsoft Visual Studio Solution File, Format Version 12.00
# Visual Studio Version 16
VisualStudioVersion = 16.0.29509.3
MinimumVisualStudioVersion = 10.0.40219.1
Project("{9A19103F-16F7-4668-BE54-9A1E7A4F7556}") = "SimpleCron", "SimpleCron\SimpleCron.csproj", "{EC65B8DC-DEC7-4B3A-B283-78EFBCD054B9}"
EndProject
Project("{9A19103F-16F7-4668-BE54-9A1E7A4F7556}") = "Cron", "Cron\Cron.csproj", "{B969B78C-69E3-4423-8A7D-C19BD2968079}"
EndProject
Global
	GlobalSection(SolutionConfigurationPlatforms) = preSolution
		Debug|Any CPU = Debug|Any CPU
		Release|Any CPU = Release|Any CPU
	EndGlobalSection
	GlobalSection(ProjectConfigurationPlatforms) = postSolution
		{EC65B8DC-DEC7-4B3A-B283-78EFBCD054B9}.Debug|Any CPU.ActiveCfg = Debug|Any CPU
		{EC65B8DC-DEC7-4B3A-B283-78EFBCD054B9}.Debug|Any CPU.Build.0 = Debug|Any CPU
		{EC65B8DC-DEC7-4B3A-B283-78EFBCD054B9}.Release|Any CPU.ActiveCfg = Release|Any CPU
		{EC65B8DC-DEC7-4B3A-B283-78EFBCD054B9}.Release|Any CPU.Build.0 = Release|Any CPU
		{B969B78C-69E3-4423-8A7D-C19BD2968079}.Debug|Any CPU.ActiveCfg = Debug|Any CPU
		{B969B78C-69E3-4423-8A7D-C19BD2968079}.Debug|Any CPU.Build.0 = Debug|Any CPU
		{B969B78C-69E3-4423-8A7D-C19BD2968079}.Release|Any CPU.ActiveCfg = Release|Any CPU
		{B969B78C-69E3-4423-8A7D-C19BD2968079}.Release|Any CPU.Build.0 = Release|Any CPU
	EndGlobalSection
	GlobalSection(SolutionProperties) = preSolution
		HideSolutionNode = FALSE
	EndGlobalSection
	GlobalSection(ExtensibilityGlobals) = postSolution
		SolutionGuid = {8E09C6DD-5629-41C5-B6B5-BDCFE0C897CC}
	EndGlobalSection
EndGlobal
